
Microsoft Visual Studio Solution File, Format Version 12.00
# Visual Studio Version 16
VisualStudioVersion = 16.0.29025.244
MinimumVisualStudioVersion = 10.0.40219.1
Project("{2150E333-8FDC-42A3-9474-1A3956D46DE8}") = "VisitingRequests", "VisitingRequests", "{86A0E51C-F772-4F59-9800-97F0DA473DC9}"
EndProject
Project("{2150E333-8FDC-42A3-9474-1A3956D46DE8}") = "DevicesRequests", "DevicesRequests", "{5D8E210E-EC72-4796-80C0-3C93DE2C4377}"
EndProject
Project("{2150E333-8FDC-42A3-9474-1A3956D46DE8}") = "ContentTypes", "ContentTypes", "{C44C4653-A6C6-4103-8803-15183C7DCA28}"
EndProject
Project("{2150E333-8FDC-42A3-9474-1A3956D46DE8}") = "Webparts", "Webparts", "{45ECBC7C-E369-4A8B-A67A-038C2DC4FEE0}"
EndProject
Project("{2150E333-8FDC-42A3-9474-1A3956D46DE8}") = "ContentTypes", "ContentTypes", "{B4FBAEE5-917B-45DE-A3AD-37D15FBF09C0}"
EndProject
Project("{2150E333-8FDC-42A3-9474-1A3956D46DE8}") = "Webparts", "Webparts", "{A9E93360-83D8-49E5-9077-BB3A89B3F74E}"
EndProject
Project("{FAE04EC0-301F-11D3-BF4B-00C04F79EFBC}") = "VisitRequest", "VisitingRequests\Webparts\VisitRequest\VisitRequest.csproj", "{B8F2A599-ACFD-4BBB-A276-0A0AD7D37247}"
	ProjectSection(ProjectDependencies) = postProject
		{D998D760-3694-497F-A431-FFCCF82F20B6} = {D998D760-3694-497F-A431-FFCCF82F20B6}
	EndProjectSection
EndProject
Project("{FAE04EC0-301F-11D3-BF4B-00C04F79EFBC}") = "DevicesInOutCT", "VisitingRequests\ContentTypes\DevicesInOutCT\DevicesInOutCT.csproj", "{85DDDE4C-7686-4A05-974B-74276E076AD4}"
EndProject
Project("{FAE04EC0-301F-11D3-BF4B-00C04F79EFBC}") = "LogListStructure", "VisitingRequests\ContentTypes\LogListStructure\LogListStructure.csproj", "{5B9F6A5F-8A32-4B90-BC7A-F86F879EF0B2}"
EndProject
Project("{FAE04EC0-301F-11D3-BF4B-00C04F79EFBC}") = "PersonsInOutCT", "VisitingRequests\ContentTypes\PersonsInOutCT\PersonsInOutCT.csproj", "{02834662-7A7F-45F2-A093-6C89FFE47051}"
EndProject
Project("{FAE04EC0-301F-11D3-BF4B-00C04F79EFBC}") = "SecurityVisitingRequestStatusCT", "VisitingRequests\ContentTypes\SecurityVisitingRequestStatusCT\SecurityVisitingRequestStatusCT.csproj", "{C736CC75-9CEB-41C3-9B90-817AEE7B5D7A}"
EndProject
Project("{2150E333-8FDC-42A3-9474-1A3956D46DE8}") = "WebAPI", "WebAPI", "{198093FB-8BD6-4D5B-A0A9-3BAFF20DBEF2}"
EndProject
Project("{FAE04EC0-301F-11D3-BF4B-00C04F79EFBC}") = "MODBussiness", "WebAPI\MODBussiness\MODBussiness.csproj", "{D998D760-3694-497F-A431-FFCCF82F20B6}"
EndProject
Project("{FAE04EC0-301F-11D3-BF4B-00C04F79EFBC}") = "MODAPI", "WebAPI\MODAPI\MODAPI.csproj", "{26507C03-05C2-440E-AAA2-A1EB6F7D712B}"
EndProject
Project("{F184B08F-C81C-45F6-A57F-5ABD9991F28F}") = "SupervisorVisitingRequestStatusCT", "VisitingRequests\ContentTypes\SupervisorVisitingRequestStatusCT\SupervisorVisitingRequestStatusCT.vbproj", "{4A76FC57-0858-4752-9F07-F76D2E29CF64}"
EndProject
Project("{FAE04EC0-301F-11D3-BF4B-00C04F79EFBC}") = "VisitingRequestCT", "VisitingRequests\ContentTypes\VisitingRequestCT\VisitingRequestCT.csproj", "{C81385D1-8DDF-4D0D-9D59-893C6ABA42B8}"
EndProject
Project("{FAE04EC0-301F-11D3-BF4B-00C04F79EFBC}") = "VisitingRequestMachineCT", "VisitingRequests\ContentTypes\VisitingRequestMachineCT\VisitingRequestMachineCT.csproj", "{0B12CA9B-1A06-40C0-958A-5EA641B4F8D1}"
EndProject
Project("{FAE04EC0-301F-11D3-BF4B-00C04F79EFBC}") = "VisitingRequestPersonsCT", "VisitingRequests\ContentTypes\VisitingRequestPersonsCT\VisitingRequestPersonsCT.csproj", "{560C21DE-48A7-44D3-800D-269612EB5CED}"
EndProject
Project("{FAE04EC0-301F-11D3-BF4B-00C04F79EFBC}") = "DevicesRequestCT", "DevicesRequests\ContentTypes\DevicesRequestCT\DevicesRequestCT.csproj", "{651C9701-C7C4-488C-9ED5-6392693F9EE2}"
EndProject
Project("{FAE04EC0-301F-11D3-BF4B-00C04F79EFBC}") = "LogListStructure", "DevicesRequests\ContentTypes\LogListStructure\LogListStructure.csproj", "{C48CAA35-A4B1-4BA1-A9BA-F9A78B062BF0}"
EndProject
Project("{FAE04EC0-301F-11D3-BF4B-00C04F79EFBC}") = "DevicesRequestMachineCT", "DevicesRequests\ContentTypes\DevicesRequestMachineCT\DevicesRequestMachineCT.csproj", "{EBC39F3D-C676-48F5-AEE2-F3279C047AD1}"
EndProject
Project("{FAE04EC0-301F-11D3-BF4B-00C04F79EFBC}") = "SecurityDevicesRequestStatusCT", "DevicesRequests\ContentTypes\SecurityDevicesRequestStatusCT\SecurityDevicesRequestStatusCT.csproj", "{DBED7546-D75D-45C2-9D25-AAA00DF4BFB2}"
EndProject
Project("{FAE04EC0-301F-11D3-BF4B-00C04F79EFBC}") = "SupervisorDevicesRequestStatusCT", "DevicesRequests\ContentTypes\SupervisorDevicesRequestStatusCT\SupervisorDevicesRequestStatusCT.csproj", "{C31D7356-F8BA-465D-96C2-953D42657D4B}"
EndProject
Project("{FAE04EC0-301F-11D3-BF4B-00C04F79EFBC}") = "DevicesRequestsWFWebparts", "DevicesRequests\Webparts\DevicesRequestsWFWebparts\DevicesRequestsWFWebparts.csproj", "{D2EB4EE4-F02D-4FE0-9D74-6F12BF8782E0}"
	ProjectSection(ProjectDependencies) = postProject
		{D998D760-3694-497F-A431-FFCCF82F20B6} = {D998D760-3694-497F-A431-FFCCF82F20B6}
	EndProjectSection
EndProject
Project("{2150E333-8FDC-42A3-9474-1A3956D46DE8}") = "MaterialsRequests", "MaterialsRequests", "{5B249D01-7AD6-42F8-B8E9-AE98A0D367FA}"
EndProject
Project("{2150E333-8FDC-42A3-9474-1A3956D46DE8}") = "ContentTypes", "ContentTypes", "{A4D7F4F6-CCD1-4F81-B48D-5B99FC4388D8}"
EndProject
Project("{2150E333-8FDC-42A3-9474-1A3956D46DE8}") = "Webparts", "Webparts", "{2CA71EA4-552C-4097-B0F4-0A5DF15F600D}"
EndProject
Project("{FAE04EC0-301F-11D3-BF4B-00C04F79EFBC}") = "MaterialsRequestCT", "MaterialsRequests\ContentTypes\MaterialsRequestCT\MaterialsRequestCT.csproj", "{353B133E-E799-42D5-B260-293D41861401}"
EndProject
Project("{FAE04EC0-301F-11D3-BF4B-00C04F79EFBC}") = "MaterialsCT", "MaterialsRequests\ContentTypes\MaterialsCT\MaterialsCT.csproj", "{6D0E269D-0803-4E60-B75D-3AFF9C85AE09}"
EndProject
Project("{FAE04EC0-301F-11D3-BF4B-00C04F79EFBC}") = "LogListStructure", "MaterialsRequests\ContentTypes\LogListStructure\LogListStructure.csproj", "{4CA9D29C-D3B7-40FC-9EC0-26483548AD7B}"
EndProject
Project("{FAE04EC0-301F-11D3-BF4B-00C04F79EFBC}") = "SecurityMaterialsRequestStatusCT", "MaterialsRequests\ContentTypes\SecurityMaterialsRequestStatusCT\SecurityMaterialsRequestStatusCT.csproj", "{422A08DF-29C6-46A8-B276-AF5CE48ED431}"
EndProject
Project("{FAE04EC0-301F-11D3-BF4B-00C04F79EFBC}") = "SupervisorMaterialsRequestStatusCT", "MaterialsRequests\ContentTypes\SupervisorMaterialsRequestStatusCT\SupervisorMaterialsRequestStatusCT.csproj", "{082CDA0A-6376-4FCE-9EFF-6B58BEA5E9C3}"
EndProject
Project("{FAE04EC0-301F-11D3-BF4B-00C04F79EFBC}") = "MaterialsRequestsWFWebparts", "MaterialsRequests\Webparts\MaterialsRequestsWFWebparts\MaterialsRequestsWFWebparts.csproj", "{F35090E7-22B6-4839-A93D-1FA559FDA2B2}"
	ProjectSection(ProjectDependencies) = postProject
		{D998D760-3694-497F-A431-FFCCF82F20B6} = {D998D760-3694-497F-A431-FFCCF82F20B6}
	EndProjectSection
EndProject
Project("{FAE04EC0-301F-11D3-BF4B-00C04F79EFBC}") = "MachineActionsCT", "DevicesRequests\ContentTypes\MachineActionsCT\MachineActionsCT.csproj", "{89088F30-199A-4811-8061-946DE3A82593}"
EndProject
Project("{FAE04EC0-301F-11D3-BF4B-00C04F79EFBC}") = "MaterialActionsCT", "MaterialsRequests\ContentTypes\MaterialActionsCT\MaterialActionsCT.csproj", "{C6A36F8D-ED41-4EF2-92DA-410958AF5CEC}"
EndProject
Project("{2150E333-8FDC-42A3-9474-1A3956D46DE8}") = "Common", "Common", "{77EE50D8-C3DA-4013-98CF-6365FEF1FE27}"
EndProject
Project("{2150E333-8FDC-42A3-9474-1A3956D46DE8}") = "ContentTypes", "ContentTypes", "{874B0D03-6E57-437B-85C2-8F4E37A49134}"
EndProject
Project("{FAE04EC0-301F-11D3-BF4B-00C04F79EFBC}") = "MODCommonCT", "Common\ContentTypes\MODCommonCT\MODCommonCT.csproj", "{94C9FAFA-BB63-414B-9F65-55DA63C1A24E}"
EndProject
Project("{FAE04EC0-301F-11D3-BF4B-00C04F79EFBC}") = "ActivateMaterialsStructureFeatures", "MaterialsRequests\ContentTypes\ActivateMaterialsStructureFeatures\ActivateMaterialsStructureFeatures.csproj", "{A7FD7B19-A68F-4D82-BA24-28DFCE2B6B07}"
EndProject
Project("{FAE04EC0-301F-11D3-BF4B-00C04F79EFBC}") = "ActivateVisitiingRequestsStructureFeatures", "VisitingRequests\ContentTypes\ActivateVisitiingRequestsStructureFeatures\ActivateVisitiingRequestsStructureFeatures.csproj", "{E0CA731B-04AE-40C5-AE99-0B90568B070F}"
EndProject
Project("{FAE04EC0-301F-11D3-BF4B-00C04F79EFBC}") = "ActivateDevicesRequestsStructureFeatures", "DevicesRequests\ContentTypes\ActivateDevicesRequestsStructureFeatures\ActivateDevicesRequestsStructureFeatures.csproj", "{83D08AAE-9A4D-4A79-B01C-9B377789FDFA}"
EndProject
Project("{FAE04EC0-301F-11D3-BF4B-00C04F79EFBC}") = "ActivateCommonStructureFeatures", "Common\ContentTypes\ActivateCommonStructureFeatures\ActivateCommonStructureFeatures.csproj", "{59F38314-E176-4B29-9F2A-61D93207F4EF}"
EndProject
Project("{2150E333-8FDC-42A3-9474-1A3956D46DE8}") = "WebpartsCommon", "WebpartsCommon", "{73EC06BD-DC51-46F5-8BBC-E4BDBC392C4D}"
EndProject
Project("{FAE04EC0-301F-11D3-BF4B-00C04F79EFBC}") = "WebpartsCommonHelpers", "Common\WebpartsCommon\WebpartsCommonHelpers\WebpartsCommonHelpers.csproj", "{901BB91A-7078-400F-8E91-E92A7751AE12}"
EndProject
Project("{2150E333-8FDC-42A3-9474-1A3956D46DE8}") = "Gates", "Gates", "{824D6F36-997D-45C5-AA14-BF09259AD057}"
EndProject
Project("{FAE04EC0-301F-11D3-BF4B-00C04F79EFBC}") = "GatesCT", "Common\ContentTypes\Gates\GatesCT\GatesCT.csproj", "{F9DA862C-234B-4C0C-B2A3-04A92E5C96C4}"
EndProject
Project("{FAE04EC0-301F-11D3-BF4B-00C04F79EFBC}") = "VisitPOC", "Common\ContentTypes\Gates\VisitPOC\VisitPOC.csproj", "{09A1D6A9-F2FB-440A-A996-1E03611AEE72}"
EndProject
Project("{FAE04EC0-301F-11D3-BF4B-00C04F79EFBC}") = "MODGates", "Common\ContentTypes\MODGates\MODGates.csproj", "{2FF4D854-C4E0-4494-B1F1-783677095311}"
EndProject
Project("{FAE04EC0-301F-11D3-BF4B-00C04F79EFBC}") = "ResourceFiles", "Common\ResourceFiles\ResourceFiles.csproj", "{72DA2084-6AA9-4A9C-8870-C1F8AB0E4223}"
EndProject
Global
	GlobalSection(SolutionConfigurationPlatforms) = preSolution
		Debug|Any CPU = Debug|Any CPU
		Release|Any CPU = Release|Any CPU
	EndGlobalSection
	GlobalSection(ProjectConfigurationPlatforms) = postSolution
		{B8F2A599-ACFD-4BBB-A276-0A0AD7D37247}.Debug|Any CPU.ActiveCfg = Debug|Any CPU
		{B8F2A599-ACFD-4BBB-A276-0A0AD7D37247}.Debug|Any CPU.Build.0 = Debug|Any CPU
		{B8F2A599-ACFD-4BBB-A276-0A0AD7D37247}.Debug|Any CPU.Deploy.0 = Debug|Any CPU
		{B8F2A599-ACFD-4BBB-A276-0A0AD7D37247}.Release|Any CPU.ActiveCfg = Release|Any CPU
		{B8F2A599-ACFD-4BBB-A276-0A0AD7D37247}.Release|Any CPU.Build.0 = Release|Any CPU
		{B8F2A599-ACFD-4BBB-A276-0A0AD7D37247}.Release|Any CPU.Deploy.0 = Release|Any CPU
		{85DDDE4C-7686-4A05-974B-74276E076AD4}.Debug|Any CPU.ActiveCfg = Debug|Any CPU
		{85DDDE4C-7686-4A05-974B-74276E076AD4}.Debug|Any CPU.Build.0 = Debug|Any CPU
		{85DDDE4C-7686-4A05-974B-74276E076AD4}.Debug|Any CPU.Deploy.0 = Debug|Any CPU
		{85DDDE4C-7686-4A05-974B-74276E076AD4}.Release|Any CPU.ActiveCfg = Release|Any CPU
		{85DDDE4C-7686-4A05-974B-74276E076AD4}.Release|Any CPU.Build.0 = Release|Any CPU
		{85DDDE4C-7686-4A05-974B-74276E076AD4}.Release|Any CPU.Deploy.0 = Release|Any CPU
		{5B9F6A5F-8A32-4B90-BC7A-F86F879EF0B2}.Debug|Any CPU.ActiveCfg = Debug|Any CPU
		{5B9F6A5F-8A32-4B90-BC7A-F86F879EF0B2}.Debug|Any CPU.Build.0 = Debug|Any CPU
		{5B9F6A5F-8A32-4B90-BC7A-F86F879EF0B2}.Debug|Any CPU.Deploy.0 = Debug|Any CPU
		{5B9F6A5F-8A32-4B90-BC7A-F86F879EF0B2}.Release|Any CPU.ActiveCfg = Release|Any CPU
		{5B9F6A5F-8A32-4B90-BC7A-F86F879EF0B2}.Release|Any CPU.Build.0 = Release|Any CPU
		{5B9F6A5F-8A32-4B90-BC7A-F86F879EF0B2}.Release|Any CPU.Deploy.0 = Release|Any CPU
		{02834662-7A7F-45F2-A093-6C89FFE47051}.Debug|Any CPU.ActiveCfg = Debug|Any CPU
		{02834662-7A7F-45F2-A093-6C89FFE47051}.Debug|Any CPU.Build.0 = Debug|Any CPU
		{02834662-7A7F-45F2-A093-6C89FFE47051}.Debug|Any CPU.Deploy.0 = Debug|Any CPU
		{02834662-7A7F-45F2-A093-6C89FFE47051}.Release|Any CPU.ActiveCfg = Release|Any CPU
		{02834662-7A7F-45F2-A093-6C89FFE47051}.Release|Any CPU.Build.0 = Release|Any CPU
		{02834662-7A7F-45F2-A093-6C89FFE47051}.Release|Any CPU.Deploy.0 = Release|Any CPU
		{C736CC75-9CEB-41C3-9B90-817AEE7B5D7A}.Debug|Any CPU.ActiveCfg = Debug|Any CPU
		{C736CC75-9CEB-41C3-9B90-817AEE7B5D7A}.Debug|Any CPU.Build.0 = Debug|Any CPU
		{C736CC75-9CEB-41C3-9B90-817AEE7B5D7A}.Debug|Any CPU.Deploy.0 = Debug|Any CPU
		{C736CC75-9CEB-41C3-9B90-817AEE7B5D7A}.Release|Any CPU.ActiveCfg = Release|Any CPU
		{C736CC75-9CEB-41C3-9B90-817AEE7B5D7A}.Release|Any CPU.Build.0 = Release|Any CPU
		{C736CC75-9CEB-41C3-9B90-817AEE7B5D7A}.Release|Any CPU.Deploy.0 = Release|Any CPU
		{D998D760-3694-497F-A431-FFCCF82F20B6}.Debug|Any CPU.ActiveCfg = Debug|Any CPU
		{D998D760-3694-497F-A431-FFCCF82F20B6}.Debug|Any CPU.Build.0 = Debug|Any CPU
		{D998D760-3694-497F-A431-FFCCF82F20B6}.Release|Any CPU.ActiveCfg = Release|Any CPU
		{D998D760-3694-497F-A431-FFCCF82F20B6}.Release|Any CPU.Build.0 = Release|Any CPU
		{26507C03-05C2-440E-AAA2-A1EB6F7D712B}.Debug|Any CPU.ActiveCfg = Debug|Any CPU
		{26507C03-05C2-440E-AAA2-A1EB6F7D712B}.Debug|Any CPU.Build.0 = Debug|Any CPU
		{26507C03-05C2-440E-AAA2-A1EB6F7D712B}.Release|Any CPU.ActiveCfg = Release|Any CPU
		{26507C03-05C2-440E-AAA2-A1EB6F7D712B}.Release|Any CPU.Build.0 = Release|Any CPU
		{4A76FC57-0858-4752-9F07-F76D2E29CF64}.Debug|Any CPU.ActiveCfg = Debug|Any CPU
		{4A76FC57-0858-4752-9F07-F76D2E29CF64}.Debug|Any CPU.Build.0 = Debug|Any CPU
		{4A76FC57-0858-4752-9F07-F76D2E29CF64}.Debug|Any CPU.Deploy.0 = Debug|Any CPU
		{4A76FC57-0858-4752-9F07-F76D2E29CF64}.Release|Any CPU.ActiveCfg = Release|Any CPU
		{4A76FC57-0858-4752-9F07-F76D2E29CF64}.Release|Any CPU.Build.0 = Release|Any CPU
		{4A76FC57-0858-4752-9F07-F76D2E29CF64}.Release|Any CPU.Deploy.0 = Release|Any CPU
		{C81385D1-8DDF-4D0D-9D59-893C6ABA42B8}.Debug|Any CPU.ActiveCfg = Debug|Any CPU
		{C81385D1-8DDF-4D0D-9D59-893C6ABA42B8}.Debug|Any CPU.Build.0 = Debug|Any CPU
		{C81385D1-8DDF-4D0D-9D59-893C6ABA42B8}.Debug|Any CPU.Deploy.0 = Debug|Any CPU
		{C81385D1-8DDF-4D0D-9D59-893C6ABA42B8}.Release|Any CPU.ActiveCfg = Release|Any CPU
		{C81385D1-8DDF-4D0D-9D59-893C6ABA42B8}.Release|Any CPU.Build.0 = Release|Any CPU
		{C81385D1-8DDF-4D0D-9D59-893C6ABA42B8}.Release|Any CPU.Deploy.0 = Release|Any CPU
		{0B12CA9B-1A06-40C0-958A-5EA641B4F8D1}.Debug|Any CPU.ActiveCfg = Debug|Any CPU
		{0B12CA9B-1A06-40C0-958A-5EA641B4F8D1}.Debug|Any CPU.Build.0 = Debug|Any CPU
		{0B12CA9B-1A06-40C0-958A-5EA641B4F8D1}.Debug|Any CPU.Deploy.0 = Debug|Any CPU
		{0B12CA9B-1A06-40C0-958A-5EA641B4F8D1}.Release|Any CPU.ActiveCfg = Release|Any CPU
		{0B12CA9B-1A06-40C0-958A-5EA641B4F8D1}.Release|Any CPU.Build.0 = Release|Any CPU
		{0B12CA9B-1A06-40C0-958A-5EA641B4F8D1}.Release|Any CPU.Deploy.0 = Release|Any CPU
		{560C21DE-48A7-44D3-800D-269612EB5CED}.Debug|Any CPU.ActiveCfg = Debug|Any CPU
		{560C21DE-48A7-44D3-800D-269612EB5CED}.Debug|Any CPU.Build.0 = Debug|Any CPU
		{560C21DE-48A7-44D3-800D-269612EB5CED}.Debug|Any CPU.Deploy.0 = Debug|Any CPU
		{560C21DE-48A7-44D3-800D-269612EB5CED}.Release|Any CPU.ActiveCfg = Release|Any CPU
		{560C21DE-48A7-44D3-800D-269612EB5CED}.Release|Any CPU.Build.0 = Release|Any CPU
		{560C21DE-48A7-44D3-800D-269612EB5CED}.Release|Any CPU.Deploy.0 = Release|Any CPU
		{651C9701-C7C4-488C-9ED5-6392693F9EE2}.Debug|Any CPU.ActiveCfg = Debug|Any CPU
		{651C9701-C7C4-488C-9ED5-6392693F9EE2}.Debug|Any CPU.Build.0 = Debug|Any CPU
		{651C9701-C7C4-488C-9ED5-6392693F9EE2}.Debug|Any CPU.Deploy.0 = Debug|Any CPU
		{651C9701-C7C4-488C-9ED5-6392693F9EE2}.Release|Any CPU.ActiveCfg = Release|Any CPU
		{651C9701-C7C4-488C-9ED5-6392693F9EE2}.Release|Any CPU.Build.0 = Release|Any CPU
		{651C9701-C7C4-488C-9ED5-6392693F9EE2}.Release|Any CPU.Deploy.0 = Release|Any CPU
		{C48CAA35-A4B1-4BA1-A9BA-F9A78B062BF0}.Debug|Any CPU.ActiveCfg = Debug|Any CPU
		{C48CAA35-A4B1-4BA1-A9BA-F9A78B062BF0}.Debug|Any CPU.Build.0 = Debug|Any CPU
		{C48CAA35-A4B1-4BA1-A9BA-F9A78B062BF0}.Debug|Any CPU.Deploy.0 = Debug|Any CPU
		{C48CAA35-A4B1-4BA1-A9BA-F9A78B062BF0}.Release|Any CPU.ActiveCfg = Release|Any CPU
		{C48CAA35-A4B1-4BA1-A9BA-F9A78B062BF0}.Release|Any CPU.Build.0 = Release|Any CPU
		{C48CAA35-A4B1-4BA1-A9BA-F9A78B062BF0}.Release|Any CPU.Deploy.0 = Release|Any CPU
		{EBC39F3D-C676-48F5-AEE2-F3279C047AD1}.Debug|Any CPU.ActiveCfg = Debug|Any CPU
		{EBC39F3D-C676-48F5-AEE2-F3279C047AD1}.Debug|Any CPU.Build.0 = Debug|Any CPU
		{EBC39F3D-C676-48F5-AEE2-F3279C047AD1}.Debug|Any CPU.Deploy.0 = Debug|Any CPU
		{EBC39F3D-C676-48F5-AEE2-F3279C047AD1}.Release|Any CPU.ActiveCfg = Release|Any CPU
		{EBC39F3D-C676-48F5-AEE2-F3279C047AD1}.Release|Any CPU.Build.0 = Release|Any CPU
		{EBC39F3D-C676-48F5-AEE2-F3279C047AD1}.Release|Any CPU.Deploy.0 = Release|Any CPU
		{DBED7546-D75D-45C2-9D25-AAA00DF4BFB2}.Debug|Any CPU.ActiveCfg = Debug|Any CPU
		{DBED7546-D75D-45C2-9D25-AAA00DF4BFB2}.Debug|Any CPU.Build.0 = Debug|Any CPU
		{DBED7546-D75D-45C2-9D25-AAA00DF4BFB2}.Debug|Any CPU.Deploy.0 = Debug|Any CPU
		{DBED7546-D75D-45C2-9D25-AAA00DF4BFB2}.Release|Any CPU.ActiveCfg = Release|Any CPU
		{DBED7546-D75D-45C2-9D25-AAA00DF4BFB2}.Release|Any CPU.Build.0 = Release|Any CPU
		{DBED7546-D75D-45C2-9D25-AAA00DF4BFB2}.Release|Any CPU.Deploy.0 = Release|Any CPU
		{C31D7356-F8BA-465D-96C2-953D42657D4B}.Debug|Any CPU.ActiveCfg = Debug|Any CPU
		{C31D7356-F8BA-465D-96C2-953D42657D4B}.Debug|Any CPU.Build.0 = Debug|Any CPU
		{C31D7356-F8BA-465D-96C2-953D42657D4B}.Debug|Any CPU.Deploy.0 = Debug|Any CPU
		{C31D7356-F8BA-465D-96C2-953D42657D4B}.Release|Any CPU.ActiveCfg = Release|Any CPU
		{C31D7356-F8BA-465D-96C2-953D42657D4B}.Release|Any CPU.Build.0 = Release|Any CPU
		{C31D7356-F8BA-465D-96C2-953D42657D4B}.Release|Any CPU.Deploy.0 = Release|Any CPU
		{D2EB4EE4-F02D-4FE0-9D74-6F12BF8782E0}.Debug|Any CPU.ActiveCfg = Debug|Any CPU
		{D2EB4EE4-F02D-4FE0-9D74-6F12BF8782E0}.Debug|Any CPU.Build.0 = Debug|Any CPU
		{D2EB4EE4-F02D-4FE0-9D74-6F12BF8782E0}.Debug|Any CPU.Deploy.0 = Debug|Any CPU
		{D2EB4EE4-F02D-4FE0-9D74-6F12BF8782E0}.Release|Any CPU.ActiveCfg = Release|Any CPU
		{D2EB4EE4-F02D-4FE0-9D74-6F12BF8782E0}.Release|Any CPU.Build.0 = Release|Any CPU
		{D2EB4EE4-F02D-4FE0-9D74-6F12BF8782E0}.Release|Any CPU.Deploy.0 = Release|Any CPU
		{353B133E-E799-42D5-B260-293D41861401}.Debug|Any CPU.ActiveCfg = Debug|Any CPU
		{353B133E-E799-42D5-B260-293D41861401}.Debug|Any CPU.Build.0 = Debug|Any CPU
		{353B133E-E799-42D5-B260-293D41861401}.Debug|Any CPU.Deploy.0 = Debug|Any CPU
		{353B133E-E799-42D5-B260-293D41861401}.Release|Any CPU.ActiveCfg = Release|Any CPU
		{353B133E-E799-42D5-B260-293D41861401}.Release|Any CPU.Build.0 = Release|Any CPU
		{353B133E-E799-42D5-B260-293D41861401}.Release|Any CPU.Deploy.0 = Release|Any CPU
		{6D0E269D-0803-4E60-B75D-3AFF9C85AE09}.Debug|Any CPU.ActiveCfg = Debug|Any CPU
		{6D0E269D-0803-4E60-B75D-3AFF9C85AE09}.Debug|Any CPU.Build.0 = Debug|Any CPU
		{6D0E269D-0803-4E60-B75D-3AFF9C85AE09}.Debug|Any CPU.Deploy.0 = Debug|Any CPU
		{6D0E269D-0803-4E60-B75D-3AFF9C85AE09}.Release|Any CPU.ActiveCfg = Release|Any CPU
		{6D0E269D-0803-4E60-B75D-3AFF9C85AE09}.Release|Any CPU.Build.0 = Release|Any CPU
		{6D0E269D-0803-4E60-B75D-3AFF9C85AE09}.Release|Any CPU.Deploy.0 = Release|Any CPU
		{4CA9D29C-D3B7-40FC-9EC0-26483548AD7B}.Debug|Any CPU.ActiveCfg = Debug|Any CPU
		{4CA9D29C-D3B7-40FC-9EC0-26483548AD7B}.Debug|Any CPU.Build.0 = Debug|Any CPU
		{4CA9D29C-D3B7-40FC-9EC0-26483548AD7B}.Debug|Any CPU.Deploy.0 = Debug|Any CPU
		{4CA9D29C-D3B7-40FC-9EC0-26483548AD7B}.Release|Any CPU.ActiveCfg = Release|Any CPU
		{4CA9D29C-D3B7-40FC-9EC0-26483548AD7B}.Release|Any CPU.Build.0 = Release|Any CPU
		{4CA9D29C-D3B7-40FC-9EC0-26483548AD7B}.Release|Any CPU.Deploy.0 = Release|Any CPU
		{422A08DF-29C6-46A8-B276-AF5CE48ED431}.Debug|Any CPU.ActiveCfg = Debug|Any CPU
		{422A08DF-29C6-46A8-B276-AF5CE48ED431}.Debug|Any CPU.Build.0 = Debug|Any CPU
		{422A08DF-29C6-46A8-B276-AF5CE48ED431}.Debug|Any CPU.Deploy.0 = Debug|Any CPU
		{422A08DF-29C6-46A8-B276-AF5CE48ED431}.Release|Any CPU.ActiveCfg = Release|Any CPU
		{422A08DF-29C6-46A8-B276-AF5CE48ED431}.Release|Any CPU.Build.0 = Release|Any CPU
		{422A08DF-29C6-46A8-B276-AF5CE48ED431}.Release|Any CPU.Deploy.0 = Release|Any CPU
		{082CDA0A-6376-4FCE-9EFF-6B58BEA5E9C3}.Debug|Any CPU.ActiveCfg = Debug|Any CPU
		{082CDA0A-6376-4FCE-9EFF-6B58BEA5E9C3}.Debug|Any CPU.Build.0 = Debug|Any CPU
		{082CDA0A-6376-4FCE-9EFF-6B58BEA5E9C3}.Debug|Any CPU.Deploy.0 = Debug|Any CPU
		{082CDA0A-6376-4FCE-9EFF-6B58BEA5E9C3}.Release|Any CPU.ActiveCfg = Release|Any CPU
		{082CDA0A-6376-4FCE-9EFF-6B58BEA5E9C3}.Release|Any CPU.Build.0 = Release|Any CPU
		{082CDA0A-6376-4FCE-9EFF-6B58BEA5E9C3}.Release|Any CPU.Deploy.0 = Release|Any CPU
		{F35090E7-22B6-4839-A93D-1FA559FDA2B2}.Debug|Any CPU.ActiveCfg = Debug|Any CPU
		{F35090E7-22B6-4839-A93D-1FA559FDA2B2}.Debug|Any CPU.Build.0 = Debug|Any CPU
		{F35090E7-22B6-4839-A93D-1FA559FDA2B2}.Debug|Any CPU.Deploy.0 = Debug|Any CPU
		{F35090E7-22B6-4839-A93D-1FA559FDA2B2}.Release|Any CPU.ActiveCfg = Release|Any CPU
		{F35090E7-22B6-4839-A93D-1FA559FDA2B2}.Release|Any CPU.Build.0 = Release|Any CPU
		{F35090E7-22B6-4839-A93D-1FA559FDA2B2}.Release|Any CPU.Deploy.0 = Release|Any CPU
		{89088F30-199A-4811-8061-946DE3A82593}.Debug|Any CPU.ActiveCfg = Debug|Any CPU
		{89088F30-199A-4811-8061-946DE3A82593}.Debug|Any CPU.Build.0 = Debug|Any CPU
		{89088F30-199A-4811-8061-946DE3A82593}.Debug|Any CPU.Deploy.0 = Debug|Any CPU
		{89088F30-199A-4811-8061-946DE3A82593}.Release|Any CPU.ActiveCfg = Release|Any CPU
		{89088F30-199A-4811-8061-946DE3A82593}.Release|Any CPU.Build.0 = Release|Any CPU
		{89088F30-199A-4811-8061-946DE3A82593}.Release|Any CPU.Deploy.0 = Release|Any CPU
		{C6A36F8D-ED41-4EF2-92DA-410958AF5CEC}.Debug|Any CPU.ActiveCfg = Debug|Any CPU
		{C6A36F8D-ED41-4EF2-92DA-410958AF5CEC}.Debug|Any CPU.Build.0 = Debug|Any CPU
		{C6A36F8D-ED41-4EF2-92DA-410958AF5CEC}.Debug|Any CPU.Deploy.0 = Debug|Any CPU
		{C6A36F8D-ED41-4EF2-92DA-410958AF5CEC}.Release|Any CPU.ActiveCfg = Release|Any CPU
		{C6A36F8D-ED41-4EF2-92DA-410958AF5CEC}.Release|Any CPU.Build.0 = Release|Any CPU
		{C6A36F8D-ED41-4EF2-92DA-410958AF5CEC}.Release|Any CPU.Deploy.0 = Release|Any CPU
		{94C9FAFA-BB63-414B-9F65-55DA63C1A24E}.Debug|Any CPU.ActiveCfg = Debug|Any CPU
		{94C9FAFA-BB63-414B-9F65-55DA63C1A24E}.Debug|Any CPU.Build.0 = Debug|Any CPU
		{94C9FAFA-BB63-414B-9F65-55DA63C1A24E}.Debug|Any CPU.Deploy.0 = Debug|Any CPU
		{94C9FAFA-BB63-414B-9F65-55DA63C1A24E}.Release|Any CPU.ActiveCfg = Release|Any CPU
		{94C9FAFA-BB63-414B-9F65-55DA63C1A24E}.Release|Any CPU.Build.0 = Release|Any CPU
		{94C9FAFA-BB63-414B-9F65-55DA63C1A24E}.Release|Any CPU.Deploy.0 = Release|Any CPU
		{A7FD7B19-A68F-4D82-BA24-28DFCE2B6B07}.Debug|Any CPU.ActiveCfg = Debug|Any CPU
		{A7FD7B19-A68F-4D82-BA24-28DFCE2B6B07}.Debug|Any CPU.Build.0 = Debug|Any CPU
		{A7FD7B19-A68F-4D82-BA24-28DFCE2B6B07}.Debug|Any CPU.Deploy.0 = Debug|Any CPU
		{A7FD7B19-A68F-4D82-BA24-28DFCE2B6B07}.Release|Any CPU.ActiveCfg = Release|Any CPU
		{A7FD7B19-A68F-4D82-BA24-28DFCE2B6B07}.Release|Any CPU.Build.0 = Release|Any CPU
		{A7FD7B19-A68F-4D82-BA24-28DFCE2B6B07}.Release|Any CPU.Deploy.0 = Release|Any CPU
		{E0CA731B-04AE-40C5-AE99-0B90568B070F}.Debug|Any CPU.ActiveCfg = Debug|Any CPU
		{E0CA731B-04AE-40C5-AE99-0B90568B070F}.Debug|Any CPU.Build.0 = Debug|Any CPU
		{E0CA731B-04AE-40C5-AE99-0B90568B070F}.Debug|Any CPU.Deploy.0 = Debug|Any CPU
		{E0CA731B-04AE-40C5-AE99-0B90568B070F}.Release|Any CPU.ActiveCfg = Release|Any CPU
		{E0CA731B-04AE-40C5-AE99-0B90568B070F}.Release|Any CPU.Build.0 = Release|Any CPU
		{E0CA731B-04AE-40C5-AE99-0B90568B070F}.Release|Any CPU.Deploy.0 = Release|Any CPU
		{83D08AAE-9A4D-4A79-B01C-9B377789FDFA}.Debug|Any CPU.ActiveCfg = Debug|Any CPU
		{83D08AAE-9A4D-4A79-B01C-9B377789FDFA}.Debug|Any CPU.Build.0 = Debug|Any CPU
		{83D08AAE-9A4D-4A79-B01C-9B377789FDFA}.Debug|Any CPU.Deploy.0 = Debug|Any CPU
		{83D08AAE-9A4D-4A79-B01C-9B377789FDFA}.Release|Any CPU.ActiveCfg = Release|Any CPU
		{83D08AAE-9A4D-4A79-B01C-9B377789FDFA}.Release|Any CPU.Build.0 = Release|Any CPU
		{83D08AAE-9A4D-4A79-B01C-9B377789FDFA}.Release|Any CPU.Deploy.0 = Release|Any CPU
		{59F38314-E176-4B29-9F2A-61D93207F4EF}.Debug|Any CPU.ActiveCfg = Debug|Any CPU
		{59F38314-E176-4B29-9F2A-61D93207F4EF}.Debug|Any CPU.Build.0 = Debug|Any CPU
		{59F38314-E176-4B29-9F2A-61D93207F4EF}.Debug|Any CPU.Deploy.0 = Debug|Any CPU
		{59F38314-E176-4B29-9F2A-61D93207F4EF}.Release|Any CPU.ActiveCfg = Release|Any CPU
		{59F38314-E176-4B29-9F2A-61D93207F4EF}.Release|Any CPU.Build.0 = Release|Any CPU
		{59F38314-E176-4B29-9F2A-61D93207F4EF}.Release|Any CPU.Deploy.0 = Release|Any CPU
		{901BB91A-7078-400F-8E91-E92A7751AE12}.Debug|Any CPU.ActiveCfg = Debug|Any CPU
		{901BB91A-7078-400F-8E91-E92A7751AE12}.Debug|Any CPU.Build.0 = Debug|Any CPU
		{901BB91A-7078-400F-8E91-E92A7751AE12}.Release|Any CPU.ActiveCfg = Release|Any CPU
		{901BB91A-7078-400F-8E91-E92A7751AE12}.Release|Any CPU.Build.0 = Release|Any CPU
		{F9DA862C-234B-4C0C-B2A3-04A92E5C96C4}.Debug|Any CPU.ActiveCfg = Debug|Any CPU
		{F9DA862C-234B-4C0C-B2A3-04A92E5C96C4}.Debug|Any CPU.Build.0 = Debug|Any CPU
		{F9DA862C-234B-4C0C-B2A3-04A92E5C96C4}.Debug|Any CPU.Deploy.0 = Debug|Any CPU
		{F9DA862C-234B-4C0C-B2A3-04A92E5C96C4}.Release|Any CPU.ActiveCfg = Release|Any CPU
		{F9DA862C-234B-4C0C-B2A3-04A92E5C96C4}.Release|Any CPU.Build.0 = Release|Any CPU
		{F9DA862C-234B-4C0C-B2A3-04A92E5C96C4}.Release|Any CPU.Deploy.0 = Release|Any CPU
		{09A1D6A9-F2FB-440A-A996-1E03611AEE72}.Debug|Any CPU.ActiveCfg = Debug|Any CPU
		{09A1D6A9-F2FB-440A-A996-1E03611AEE72}.Debug|Any CPU.Build.0 = Debug|Any CPU
		{09A1D6A9-F2FB-440A-A996-1E03611AEE72}.Debug|Any CPU.Deploy.0 = Debug|Any CPU
		{09A1D6A9-F2FB-440A-A996-1E03611AEE72}.Release|Any CPU.ActiveCfg = Release|Any CPU
		{09A1D6A9-F2FB-440A-A996-1E03611AEE72}.Release|Any CPU.Build.0 = Release|Any CPU
		{09A1D6A9-F2FB-440A-A996-1E03611AEE72}.Release|Any CPU.Deploy.0 = Release|Any CPU
		{2FF4D854-C4E0-4494-B1F1-783677095311}.Debug|Any CPU.ActiveCfg = Debug|Any CPU
		{2FF4D854-C4E0-4494-B1F1-783677095311}.Debug|Any CPU.Build.0 = Debug|Any CPU
		{2FF4D854-C4E0-4494-B1F1-783677095311}.Debug|Any CPU.Deploy.0 = Debug|Any CPU
		{2FF4D854-C4E0-4494-B1F1-783677095311}.Release|Any CPU.ActiveCfg = Release|Any CPU
		{2FF4D854-C4E0-4494-B1F1-783677095311}.Release|Any CPU.Build.0 = Release|Any CPU
		{2FF4D854-C4E0-4494-B1F1-783677095311}.Release|Any CPU.Deploy.0 = Release|Any CPU
		{72DA2084-6AA9-4A9C-8870-C1F8AB0E4223}.Debug|Any CPU.ActiveCfg = Debug|Any CPU
		{72DA2084-6AA9-4A9C-8870-C1F8AB0E4223}.Debug|Any CPU.Build.0 = Debug|Any CPU
		{72DA2084-6AA9-4A9C-8870-C1F8AB0E4223}.Debug|Any CPU.Deploy.0 = Debug|Any CPU
		{72DA2084-6AA9-4A9C-8870-C1F8AB0E4223}.Release|Any CPU.ActiveCfg = Release|Any CPU
		{72DA2084-6AA9-4A9C-8870-C1F8AB0E4223}.Release|Any CPU.Build.0 = Release|Any CPU
		{72DA2084-6AA9-4A9C-8870-C1F8AB0E4223}.Release|Any CPU.Deploy.0 = Release|Any CPU
	EndGlobalSection
	GlobalSection(SolutionProperties) = preSolution
		HideSolutionNode = FALSE
	EndGlobalSection
	GlobalSection(NestedProjects) = preSolution
		{C44C4653-A6C6-4103-8803-15183C7DCA28} = {86A0E51C-F772-4F59-9800-97F0DA473DC9}
		{45ECBC7C-E369-4A8B-A67A-038C2DC4FEE0} = {86A0E51C-F772-4F59-9800-97F0DA473DC9}
		{B4FBAEE5-917B-45DE-A3AD-37D15FBF09C0} = {5D8E210E-EC72-4796-80C0-3C93DE2C4377}
		{A9E93360-83D8-49E5-9077-BB3A89B3F74E} = {5D8E210E-EC72-4796-80C0-3C93DE2C4377}
		{B8F2A599-ACFD-4BBB-A276-0A0AD7D37247} = {45ECBC7C-E369-4A8B-A67A-038C2DC4FEE0}
		{85DDDE4C-7686-4A05-974B-74276E076AD4} = {C44C4653-A6C6-4103-8803-15183C7DCA28}
		{5B9F6A5F-8A32-4B90-BC7A-F86F879EF0B2} = {C44C4653-A6C6-4103-8803-15183C7DCA28}
		{02834662-7A7F-45F2-A093-6C89FFE47051} = {C44C4653-A6C6-4103-8803-15183C7DCA28}
		{C736CC75-9CEB-41C3-9B90-817AEE7B5D7A} = {C44C4653-A6C6-4103-8803-15183C7DCA28}
		{D998D760-3694-497F-A431-FFCCF82F20B6} = {198093FB-8BD6-4D5B-A0A9-3BAFF20DBEF2}
		{26507C03-05C2-440E-AAA2-A1EB6F7D712B} = {198093FB-8BD6-4D5B-A0A9-3BAFF20DBEF2}
		{4A76FC57-0858-4752-9F07-F76D2E29CF64} = {C44C4653-A6C6-4103-8803-15183C7DCA28}
		{C81385D1-8DDF-4D0D-9D59-893C6ABA42B8} = {C44C4653-A6C6-4103-8803-15183C7DCA28}
		{0B12CA9B-1A06-40C0-958A-5EA641B4F8D1} = {C44C4653-A6C6-4103-8803-15183C7DCA28}
		{560C21DE-48A7-44D3-800D-269612EB5CED} = {C44C4653-A6C6-4103-8803-15183C7DCA28}
		{651C9701-C7C4-488C-9ED5-6392693F9EE2} = {B4FBAEE5-917B-45DE-A3AD-37D15FBF09C0}
		{C48CAA35-A4B1-4BA1-A9BA-F9A78B062BF0} = {B4FBAEE5-917B-45DE-A3AD-37D15FBF09C0}
		{EBC39F3D-C676-48F5-AEE2-F3279C047AD1} = {B4FBAEE5-917B-45DE-A3AD-37D15FBF09C0}
		{DBED7546-D75D-45C2-9D25-AAA00DF4BFB2} = {B4FBAEE5-917B-45DE-A3AD-37D15FBF09C0}
		{C31D7356-F8BA-465D-96C2-953D42657D4B} = {B4FBAEE5-917B-45DE-A3AD-37D15FBF09C0}
		{D2EB4EE4-F02D-4FE0-9D74-6F12BF8782E0} = {A9E93360-83D8-49E5-9077-BB3A89B3F74E}
		{A4D7F4F6-CCD1-4F81-B48D-5B99FC4388D8} = {5B249D01-7AD6-42F8-B8E9-AE98A0D367FA}
		{2CA71EA4-552C-4097-B0F4-0A5DF15F600D} = {5B249D01-7AD6-42F8-B8E9-AE98A0D367FA}
		{353B133E-E799-42D5-B260-293D41861401} = {A4D7F4F6-CCD1-4F81-B48D-5B99FC4388D8}
		{6D0E269D-0803-4E60-B75D-3AFF9C85AE09} = {A4D7F4F6-CCD1-4F81-B48D-5B99FC4388D8}
		{4CA9D29C-D3B7-40FC-9EC0-26483548AD7B} = {A4D7F4F6-CCD1-4F81-B48D-5B99FC4388D8}
		{422A08DF-29C6-46A8-B276-AF5CE48ED431} = {A4D7F4F6-CCD1-4F81-B48D-5B99FC4388D8}
		{082CDA0A-6376-4FCE-9EFF-6B58BEA5E9C3} = {A4D7F4F6-CCD1-4F81-B48D-5B99FC4388D8}
		{F35090E7-22B6-4839-A93D-1FA559FDA2B2} = {2CA71EA4-552C-4097-B0F4-0A5DF15F600D}
		{89088F30-199A-4811-8061-946DE3A82593} = {B4FBAEE5-917B-45DE-A3AD-37D15FBF09C0}
		{C6A36F8D-ED41-4EF2-92DA-410958AF5CEC} = {A4D7F4F6-CCD1-4F81-B48D-5B99FC4388D8}
		{874B0D03-6E57-437B-85C2-8F4E37A49134} = {77EE50D8-C3DA-4013-98CF-6365FEF1FE27}
		{94C9FAFA-BB63-414B-9F65-55DA63C1A24E} = {874B0D03-6E57-437B-85C2-8F4E37A49134}
		{A7FD7B19-A68F-4D82-BA24-28DFCE2B6B07} = {A4D7F4F6-CCD1-4F81-B48D-5B99FC4388D8}
		{E0CA731B-04AE-40C5-AE99-0B90568B070F} = {C44C4653-A6C6-4103-8803-15183C7DCA28}
		{83D08AAE-9A4D-4A79-B01C-9B377789FDFA} = {B4FBAEE5-917B-45DE-A3AD-37D15FBF09C0}
		{59F38314-E176-4B29-9F2A-61D93207F4EF} = {874B0D03-6E57-437B-85C2-8F4E37A49134}
		{73EC06BD-DC51-46F5-8BBC-E4BDBC392C4D} = {77EE50D8-C3DA-4013-98CF-6365FEF1FE27}
		{901BB91A-7078-400F-8E91-E92A7751AE12} = {73EC06BD-DC51-46F5-8BBC-E4BDBC392C4D}
		{824D6F36-997D-45C5-AA14-BF09259AD057} = {874B0D03-6E57-437B-85C2-8F4E37A49134}
		{F9DA862C-234B-4C0C-B2A3-04A92E5C96C4} = {824D6F36-997D-45C5-AA14-BF09259AD057}
		{09A1D6A9-F2FB-440A-A996-1E03611AEE72} = {824D6F36-997D-45C5-AA14-BF09259AD057}
		{2FF4D854-C4E0-4494-B1F1-783677095311} = {874B0D03-6E57-437B-85C2-8F4E37A49134}
		{72DA2084-6AA9-4A9C-8870-C1F8AB0E4223} = {77EE50D8-C3DA-4013-98CF-6365FEF1FE27}
	EndGlobalSection
	GlobalSection(ExtensibilityGlobals) = postSolution
		SolutionGuid = {2F18893B-5F43-4B13-AA24-DA95B7F65585}
	EndGlobalSection
EndGlobal
